<Solution>
  <Folder Name="/src/">
    <Project Path="DiffHacker.Contracts/DiffHacker.Contracts.csproj" />
    <Project Path="DiffHacker.Core/DiffHacker.Core.csproj" />
    <Project Path="DiffHacker.Git/DiffHacker.Git.csproj" />
    <Project Path="DiffHacker.Host/DiffHacker.Host.csproj" />
    <Project Path="DiffHacker.Llm/DiffHacker.Llm.csproj" />
    <Project Path="DiffHacker.Storage/DiffHacker.Storage.csproj" />
    <Project Path="DiffHacker.Tools/DiffHacker.Tools.csproj" />
  </Folder>
  <Folder Name="/tests/">
    <Project Path="../tests/DiffHacker.Architecture.Tests/DiffHacker.Architecture.Tests.csproj" />
    <Project Path="../tests/DiffHacker.Contracts.Tests/DiffHacker.Contracts.Tests.csproj" />
    <Project Path="../tests/DiffHacker.Git.Tests/DiffHacker.Git.Tests.csproj" />
    <Project Path="../tests/DiffHacker.Host.Tests/DiffHacker.Host.Tests.csproj" />
    <Project Path="../tests/DiffHacker.Llm.Tests/DiffHacker.Llm.Tests.csproj" />
    <Project Path="../tests/DiffHacker.Storage.Tests/DiffHacker.Storage.Tests.csproj" />
  </Folder>
  <Folder Name="/tools/">
    <Project Path="../tools/DiffHacker.SchemaGen/DiffHacker.SchemaGen.csproj" />
  </Folder>
  <Folder Name="/solution items/">
    <File Path="../CLAUDE.md" />
    <File Path="../Directory.Build.props" />
    <File Path="../Directory.Packages.props" />
    <File Path="../README.md" />
  </Folder>
  <Folder Name="/schema/">
    <File Path="../schema/browse-folder-request.schema.json" />
    <File Path="../schema/browse-folder-result.schema.json" />
    <File Path="../schema/contract-version.json" />
    <File Path="../schema/environment-info.schema.json" />
    <File Path="../schema/forget-recent-request.schema.json" />
    <File Path="../schema/host-info.schema.json" />
    <File Path="../schema/open-repository-request.schema.json" />
    <File Path="../schema/open-repository-result.schema.json" />
    <File Path="../schema/progress-notification.schema.json" />
    <File Path="../schema/provider-id-request.schema.json" />
    <File Path="../schema/provider-profile-list.schema.json" />
    <File Path="../schema/recent-repository-list.schema.json" />
    <File Path="../schema/rpc-error.schema.json" />
    <File Path="../schema/save-provider-request.schema.json" />
    <File Path="../schema/self-test-result.schema.json" />
    <File Path="../schema/start-demo-request.schema.json" />
    <File Path="../schema/start-demo-response.schema.json" />
    <File Path="../schema/test-connection-result.schema.json" />
  </Folder>
</Solution>
